
Microsoft Visual Studio Solution File, Format Version 12.00
# Visual Studio Version 16
VisualStudioVersion = 16.0.30225.117
MinimumVisualStudioVersion = 10.0.40219.1
Project("{FAE04EC0-301F-11D3-BF4B-00C04F79EFBC}") = "ClayMen", "ClayMen\ClayMen.csproj", "{490504E9-57C1-4F8F-BA6A-FDE9E927A453}"
EndProject
Global
	GlobalSection(SolutionConfigurationPlatforms) = preSolution
		Debug|Any CPU = Debug|Any CPU
		Release|Any CPU = Release|Any CPU
	EndGlobalSection
	GlobalSection(ProjectConfigurationPlatforms) = postSolution
		{490504E9-57C1-4F8F-BA6A-FDE9E927A453}.Debug|Any CPU.ActiveCfg = Debug|Any CPU
		{490504E9-57C1-4F8F-BA6A-FDE9E927A453}.Debug|Any CPU.Build.0 = Debug|Any CPU
		{490504E9-57C1-4F8F-BA6A-FDE9E927A453}.Release|Any CPU.ActiveCfg = Release|Any CPU
		{490504E9-57C1-4F8F-BA6A-FDE9E927A453}.Release|Any CPU.Build.0 = Release|Any CPU
	EndGlobalSection
	GlobalSection(SolutionProperties) = preSolution
		HideSolutionNode = FALSE
	EndGlobalSection
	GlobalSection(ExtensibilityGlobals) = postSolution
		SolutionGuid = {F38A90A1-5340-435B-840E-F2752AA50B4A}
	EndGlobalSection
EndGlobal
